{
  "requires": true,
  "lockfileVersion": 1,
  "dependencies": {
    "flipbook-vue": {
      "version": "0.10.1",
      "resolved": "https://registry.npmjs.org/flipbook-vue/-/flipbook-vue-0.10.1.tgz",
      "integrity": "sha512-n7vqBq5IY/HLOI6DQpQVvi+Vn/FRsIoHZmeS5FLGuan9V8M8JAl/oQgInMb8cPu6QwLz+0uXATF7f5HVnYYQqA==",
      "requires": {
        "rematrix": "^0.4.1"
      }
    },
    "hooper": {
      "version": "0.3.4",
      "resolved": "https://registry.npmjs.org/hooper/-/hooper-0.3.4.tgz",
      "integrity": "sha512-hV1c+MCiCfVjltdvZIgTrGYHInvhKiNLVNOT/hRWbfjZNIS9H6F6ZUPeaxhxrYkjsEL96Z0RIs+4YPoBqrrrHQ=="
    },
    "jquery": {
      "version": "3.5.1",
      "resolved": "https://registry.npmjs.org/jquery/-/jquery-3.5.1.tgz",
      "integrity": "sha512-XwIBPqcMn57FxfT+Go5pzySnm4KWkT1Tv7gjrpT1srtf8Weynl6R273VJ5GjkRb51IzMp5nbaPjJXMWeju2MKg=="
    },
    "rematrix": {
      "version": "0.4.1",
      "resolved": "https://registry.npmjs.org/rematrix/-/rematrix-0.4.1.tgz",
      "integrity": "sha512-nH4OjL09zw4yhdBClK4B93kRWbHu+std7ZV6ljS2Zsgy2YrPcayL67axKLfMxoFool8mPyVY614m8SFE7sJQLw=="
    },
    "vue-page-transition": {
      "version": "0.2.2",
      "resolved": "https://registry.npmjs.org/vue-page-transition/-/vue-page-transition-0.2.2.tgz",
      "integrity": "sha512-qOx+llJ28XX0VwJNJ4GVaeNBPRmPMZac2QQgrIHVUhpXyJx2CQ2XvoQOpGD1ge7QMY3PjZ6fwTbdBwZkA3I9qA=="
    }
  }
}
